
Microsoft Visual Studio Solution File, Format Version 12.00
# Visual Studio 15
VisualStudioVersion = 15.0.28307.329
MinimumVisualStudioVersion = 10.0.40219.1
Project("{9A19103F-16F7-4668-BE54-9A1E7A4F7556}") = "SLangCompiler", "SLangCompilier\SLangCompiler.csproj", "{C0B899FA-2C13-4D55-A36B-F5B250A8B848}"
EndProject
Global
	GlobalSection(SolutionConfigurationPlatforms) = preSolution
		Debug|Any CPU = Debug|Any CPU
		Release|Any CPU = Release|Any CPU
	EndGlobalSection
	GlobalSection(ProjectConfigurationPlatforms) = postSolution
		{C0B899FA-2C13-4D55-A36B-F5B250A8B848}.Debug|Any CPU.ActiveCfg = Debug|Any CPU
		{C0B899FA-2C13-4D55-A36B-F5B250A8B848}.Debug|Any CPU.Build.0 = Debug|Any CPU
		{C0B899FA-2C13-4D55-A36B-F5B250A8B848}.Release|Any CPU.ActiveCfg = Release|Any CPU
		{C0B899FA-2C13-4D55-A36B-F5B250A8B848}.Release|Any CPU.Build.0 = Release|Any CPU
	EndGlobalSection
	GlobalSection(SolutionProperties) = preSolution
		HideSolutionNode = FALSE
	EndGlobalSection
	GlobalSection(ExtensibilityGlobals) = postSolution
		SolutionGuid = {865F7029-468C-469F-B208-0972836E0D8F}
	EndGlobalSection
EndGlobal
